
Microsoft Visual Studio Solution File, Format Version 12.00
# Visual Studio Version 16
VisualStudioVersion = 16.0.29519.181
MinimumVisualStudioVersion = 10.0.40219.1
Project("{FAE04EC0-301F-11D3-BF4B-00C04F79EFBC}") = "Adapter2", "Adapter2\Adapter2.csproj", "{0A02AFB3-7CF4-496D-8775-D99B1549A477}"
EndProject
Global
	GlobalSection(SolutionConfigurationPlatforms) = preSolution
		Debug|Any CPU = Debug|Any CPU
		Release|Any CPU = Release|Any CPU
	EndGlobalSection
	GlobalSection(ProjectConfigurationPlatforms) = postSolution
		{0A02AFB3-7CF4-496D-8775-D99B1549A477}.Debug|Any CPU.ActiveCfg = Debug|Any CPU
		{0A02AFB3-7CF4-496D-8775-D99B1549A477}.Debug|Any CPU.Build.0 = Debug|Any CPU
		{0A02AFB3-7CF4-496D-8775-D99B1549A477}.Release|Any CPU.ActiveCfg = Release|Any CPU
		{0A02AFB3-7CF4-496D-8775-D99B1549A477}.Release|Any CPU.Build.0 = Release|Any CPU
	EndGlobalSection
	GlobalSection(SolutionProperties) = preSolution
		HideSolutionNode = FALSE
	EndGlobalSection
	GlobalSection(ExtensibilityGlobals) = postSolution
		SolutionGuid = {B53E88A1-8549-433F-8BDF-E271BE330015}
	EndGlobalSection
EndGlobal
